# THIS IS AN AUTOGENERATED FILE. DO NOT EDIT THIS FILE DIRECTLY.
# yarn lockfile v1


opencv-react@^0.0.5:
  version "0.0.5"
  resolved "https://registry.yarnpkg.com/opencv-react/-/opencv-react-0.0.5.tgz#0659dc9d344e23beb32a1c46b2416456b3ad7d81"
  integrity sha512-1PJEaTY1NYWsaCa3DAr7bOYXdKWWLjcIEx0XHwmHjhE+9kKKTbQBt43um5eBs+PdB61fzUQNl2Zogra6DIx1nQ==
